
Microsoft Visual Studio Solution File, Format Version 12.00
# Visual Studio 14
VisualStudioVersion = 14.0.24720.0
MinimumVisualStudioVersion = 10.0.40219.1
Project("{FAE04EC0-301F-11D3-BF4B-00C04F79EFBC}") = "Tehtava1", "Tehtava1\Tehtava1.csproj", "{BBFDB3F8-2232-4C51-A154-1DFFF2E75FE7}"
EndProject
Project("{FAE04EC0-301F-11D3-BF4B-00C04F79EFBC}") = "H1MediaPlayer", "H1MediaPlayer\H1MediaPlayer.csproj", "{2D0D62E7-52C3-494A-9037-16F68289091C}"
EndProject
Project("{FAE04EC0-301F-11D3-BF4B-00C04F79EFBC}") = "Tehtava2", "Tehtava2\Tehtava2.csproj", "{DF159767-0EB1-43C2-80DA-D68D390943D9}"
EndProject
Project("{FAE04EC0-301F-11D3-BF4B-00C04F79EFBC}") = "H3MittausData", "H3MittausData\H3MittausData.csproj", "{8E18F019-4FFD-4202-9C73-0EA0DAE3521B}"
EndProject
Project("{FAE04EC0-301F-11D3-BF4B-00C04F79EFBC}") = "Tehtava3c", "Tehtava3c\Tehtava3c.csproj", "{1604C461-82A2-4B46-847D-F88535F9243D}"
EndProject
Project("{FAE04EC0-301F-11D3-BF4B-00C04F79EFBC}") = "Tehtava4", "Tehtava4\Tehtava4.csproj", "{6D258834-3626-4283-832D-381E10397D22}"
EndProject
Project("{FAE04EC0-301F-11D3-BF4B-00C04F79EFBC}") = "H4TyontekijatConsole", "H4TyontekijatConsole\H4TyontekijatConsole.csproj", "{65EE96B7-B854-4FFC-92E6-AEC9AB51D99B}"
EndProject
Project("{FAE04EC0-301F-11D3-BF4B-00C04F79EFBC}") = "H4TyontekijatWPF", "H4TyontekijatWPF\H4TyontekijatWPF.csproj", "{16B0880C-B1A2-4328-8C25-6F66262A928B}"
EndProject
Project("{FAE04EC0-301F-11D3-BF4B-00C04F79EFBC}") = "Tehtava5b", "Tehtava5b\Tehtava5b.csproj", "{93D25DBA-014A-4031-BDBA-1B6B23070478}"
EndProject
Project("{FAE04EC0-301F-11D3-BF4B-00C04F79EFBC}") = "H5Movies", "H5Movies\H5Movies.csproj", "{7687F34B-C410-4AB6-B5D1-7EDF51D696BC}"
EndProject
Project("{FAE04EC0-301F-11D3-BF4B-00C04F79EFBC}") = "H6DataBinding", "H6DataBinding\H6DataBinding.csproj", "{CE672B50-1CBC-40B2-A914-B5BDDCF99652}"
EndProject
Project("{FAE04EC0-301F-11D3-BF4B-00C04F79EFBC}") = "Tehtava7", "Tehtava7\Tehtava7.csproj", "{368070B9-6ED1-4226-9920-E14B478E8EDF}"
EndProject
Project("{FAE04EC0-301F-11D3-BF4B-00C04F79EFBC}") = "H7ADONETConsole", "H7ADONETConsole\H7ADONETConsole.csproj", "{D38ADD21-E79B-41F1-B52D-71B381580C53}"
EndProject
Project("{FAE04EC0-301F-11D3-BF4B-00C04F79EFBC}") = "H8ADONETlasnaolotWPF", "H8ADONETlasnaolotWPF\H8ADONETlasnaolotWPF.csproj", "{2EB4ED0C-FA40-4D66-80F8-072BBADF03F3}"
EndProject
Project("{FAE04EC0-301F-11D3-BF4B-00C04F79EFBC}") = "Tehtava8", "Tehtava8\Tehtava8.csproj", "{EA034E57-E8FC-43F5-829D-1BD628450124}"
EndProject
Project("{FAE04EC0-301F-11D3-BF4B-00C04F79EFBC}") = "H10ADOBlanco", "IIO13200-ADONET-DEMO-master\H10ADOBlanco.csproj", "{078B472F-E0BE-4705-A004-3F2A11A96896}"
EndProject
Project("{FAE04EC0-301F-11D3-BF4B-00C04F79EFBC}") = "Tehtava9", "Tehtava9\Tehtava9.csproj", "{75C080A7-ADE3-45BE-8A5C-93853B081E56}"
EndProject
Project("{FAE04EC0-301F-11D3-BF4B-00C04F79EFBC}") = "H9Bookshop", "H9Bookshop\H9Bookshop.csproj", "{287E8734-4776-4FB8-B981-2055F064E62F}"
EndProject
Project("{FAE04EC0-301F-11D3-BF4B-00C04F79EFBC}") = "H11Bookshop", "H11Bookshop\H11Bookshop.csproj", "{8769E2EE-4290-46F5-9B34-7FD6CA08F1D6}"
EndProject
Global
	GlobalSection(SolutionConfigurationPlatforms) = preSolution
		Debug|Any CPU = Debug|Any CPU
		Release|Any CPU = Release|Any CPU
	EndGlobalSection
	GlobalSection(ProjectConfigurationPlatforms) = postSolution
		{BBFDB3F8-2232-4C51-A154-1DFFF2E75FE7}.Debug|Any CPU.ActiveCfg = Debug|Any CPU
		{BBFDB3F8-2232-4C51-A154-1DFFF2E75FE7}.Debug|Any CPU.Build.0 = Debug|Any CPU
		{BBFDB3F8-2232-4C51-A154-1DFFF2E75FE7}.Release|Any CPU.ActiveCfg = Release|Any CPU
		{BBFDB3F8-2232-4C51-A154-1DFFF2E75FE7}.Release|Any CPU.Build.0 = Release|Any CPU
		{2D0D62E7-52C3-494A-9037-16F68289091C}.Debug|Any CPU.ActiveCfg = Debug|Any CPU
		{2D0D62E7-52C3-494A-9037-16F68289091C}.Debug|Any CPU.Build.0 = Debug|Any CPU
		{2D0D62E7-52C3-494A-9037-16F68289091C}.Release|Any CPU.ActiveCfg = Release|Any CPU
		{2D0D62E7-52C3-494A-9037-16F68289091C}.Release|Any CPU.Build.0 = Release|Any CPU
		{DF159767-0EB1-43C2-80DA-D68D390943D9}.Debug|Any CPU.ActiveCfg = Debug|Any CPU
		{DF159767-0EB1-43C2-80DA-D68D390943D9}.Debug|Any CPU.Build.0 = Debug|Any CPU
		{DF159767-0EB1-43C2-80DA-D68D390943D9}.Release|Any CPU.ActiveCfg = Release|Any CPU
		{DF159767-0EB1-43C2-80DA-D68D390943D9}.Release|Any CPU.Build.0 = Release|Any CPU
		{8E18F019-4FFD-4202-9C73-0EA0DAE3521B}.Debug|Any CPU.ActiveCfg = Debug|Any CPU
		{8E18F019-4FFD-4202-9C73-0EA0DAE3521B}.Debug|Any CPU.Build.0 = Debug|Any CPU
		{8E18F019-4FFD-4202-9C73-0EA0DAE3521B}.Release|Any CPU.ActiveCfg = Release|Any CPU
		{8E18F019-4FFD-4202-9C73-0EA0DAE3521B}.Release|Any CPU.Build.0 = Release|Any CPU
		{1604C461-82A2-4B46-847D-F88535F9243D}.Debug|Any CPU.ActiveCfg = Debug|Any CPU
		{1604C461-82A2-4B46-847D-F88535F9243D}.Debug|Any CPU.Build.0 = Debug|Any CPU
		{1604C461-82A2-4B46-847D-F88535F9243D}.Release|Any CPU.ActiveCfg = Release|Any CPU
		{1604C461-82A2-4B46-847D-F88535F9243D}.Release|Any CPU.Build.0 = Release|Any CPU
		{6D258834-3626-4283-832D-381E10397D22}.Debug|Any CPU.ActiveCfg = Debug|Any CPU
		{6D258834-3626-4283-832D-381E10397D22}.Debug|Any CPU.Build.0 = Debug|Any CPU
		{6D258834-3626-4283-832D-381E10397D22}.Release|Any CPU.ActiveCfg = Release|Any CPU
		{6D258834-3626-4283-832D-381E10397D22}.Release|Any CPU.Build.0 = Release|Any CPU
		{65EE96B7-B854-4FFC-92E6-AEC9AB51D99B}.Debug|Any CPU.ActiveCfg = Debug|Any CPU
		{65EE96B7-B854-4FFC-92E6-AEC9AB51D99B}.Debug|Any CPU.Build.0 = Debug|Any CPU
		{65EE96B7-B854-4FFC-92E6-AEC9AB51D99B}.Release|Any CPU.ActiveCfg = Release|Any CPU
		{65EE96B7-B854-4FFC-92E6-AEC9AB51D99B}.Release|Any CPU.Build.0 = Release|Any CPU
		{16B0880C-B1A2-4328-8C25-6F66262A928B}.Debug|Any CPU.ActiveCfg = Debug|Any CPU
		{16B0880C-B1A2-4328-8C25-6F66262A928B}.Debug|Any CPU.Build.0 = Debug|Any CPU
		{16B0880C-B1A2-4328-8C25-6F66262A928B}.Release|Any CPU.ActiveCfg = Release|Any CPU
		{16B0880C-B1A2-4328-8C25-6F66262A928B}.Release|Any CPU.Build.0 = Release|Any CPU
		{93D25DBA-014A-4031-BDBA-1B6B23070478}.Debug|Any CPU.ActiveCfg = Debug|Any CPU
		{93D25DBA-014A-4031-BDBA-1B6B23070478}.Debug|Any CPU.Build.0 = Debug|Any CPU
		{93D25DBA-014A-4031-BDBA-1B6B23070478}.Release|Any CPU.ActiveCfg = Release|Any CPU
		{93D25DBA-014A-4031-BDBA-1B6B23070478}.Release|Any CPU.Build.0 = Release|Any CPU
		{7687F34B-C410-4AB6-B5D1-7EDF51D696BC}.Debug|Any CPU.ActiveCfg = Debug|Any CPU
		{7687F34B-C410-4AB6-B5D1-7EDF51D696BC}.Debug|Any CPU.Build.0 = Debug|Any CPU
		{7687F34B-C410-4AB6-B5D1-7EDF51D696BC}.Release|Any CPU.ActiveCfg = Release|Any CPU
		{7687F34B-C410-4AB6-B5D1-7EDF51D696BC}.Release|Any CPU.Build.0 = Release|Any CPU
		{CE672B50-1CBC-40B2-A914-B5BDDCF99652}.Debug|Any CPU.ActiveCfg = Debug|Any CPU
		{CE672B50-1CBC-40B2-A914-B5BDDCF99652}.Debug|Any CPU.Build.0 = Debug|Any CPU
		{CE672B50-1CBC-40B2-A914-B5BDDCF99652}.Release|Any CPU.ActiveCfg = Release|Any CPU
		{CE672B50-1CBC-40B2-A914-B5BDDCF99652}.Release|Any CPU.Build.0 = Release|Any CPU
		{368070B9-6ED1-4226-9920-E14B478E8EDF}.Debug|Any CPU.ActiveCfg = Debug|Any CPU
		{368070B9-6ED1-4226-9920-E14B478E8EDF}.Debug|Any CPU.Build.0 = Debug|Any CPU
		{368070B9-6ED1-4226-9920-E14B478E8EDF}.Release|Any CPU.ActiveCfg = Release|Any CPU
		{368070B9-6ED1-4226-9920-E14B478E8EDF}.Release|Any CPU.Build.0 = Release|Any CPU
		{D38ADD21-E79B-41F1-B52D-71B381580C53}.Debug|Any CPU.ActiveCfg = Debug|Any CPU
		{D38ADD21-E79B-41F1-B52D-71B381580C53}.Debug|Any CPU.Build.0 = Debug|Any CPU
		{D38ADD21-E79B-41F1-B52D-71B381580C53}.Release|Any CPU.ActiveCfg = Release|Any CPU
		{D38ADD21-E79B-41F1-B52D-71B381580C53}.Release|Any CPU.Build.0 = Release|Any CPU
		{2EB4ED0C-FA40-4D66-80F8-072BBADF03F3}.Debug|Any CPU.ActiveCfg = Debug|Any CPU
		{2EB4ED0C-FA40-4D66-80F8-072BBADF03F3}.Debug|Any CPU.Build.0 = Debug|Any CPU
		{2EB4ED0C-FA40-4D66-80F8-072BBADF03F3}.Release|Any CPU.ActiveCfg = Release|Any CPU
		{2EB4ED0C-FA40-4D66-80F8-072BBADF03F3}.Release|Any CPU.Build.0 = Release|Any CPU
		{EA034E57-E8FC-43F5-829D-1BD628450124}.Debug|Any CPU.ActiveCfg = Debug|Any CPU
		{EA034E57-E8FC-43F5-829D-1BD628450124}.Debug|Any CPU.Build.0 = Debug|Any CPU
		{EA034E57-E8FC-43F5-829D-1BD628450124}.Release|Any CPU.ActiveCfg = Release|Any CPU
		{EA034E57-E8FC-43F5-829D-1BD628450124}.Release|Any CPU.Build.0 = Release|Any CPU
		{078B472F-E0BE-4705-A004-3F2A11A96896}.Debug|Any CPU.ActiveCfg = Debug|Any CPU
		{078B472F-E0BE-4705-A004-3F2A11A96896}.Debug|Any CPU.Build.0 = Debug|Any CPU
		{078B472F-E0BE-4705-A004-3F2A11A96896}.Release|Any CPU.ActiveCfg = Release|Any CPU
		{078B472F-E0BE-4705-A004-3F2A11A96896}.Release|Any CPU.Build.0 = Release|Any CPU
		{75C080A7-ADE3-45BE-8A5C-93853B081E56}.Debug|Any CPU.ActiveCfg = Debug|Any CPU
		{75C080A7-ADE3-45BE-8A5C-93853B081E56}.Debug|Any CPU.Build.0 = Debug|Any CPU
		{75C080A7-ADE3-45BE-8A5C-93853B081E56}.Release|Any CPU.ActiveCfg = Release|Any CPU
		{75C080A7-ADE3-45BE-8A5C-93853B081E56}.Release|Any CPU.Build.0 = Release|Any CPU
		{287E8734-4776-4FB8-B981-2055F064E62F}.Debug|Any CPU.ActiveCfg = Debug|Any CPU
		{287E8734-4776-4FB8-B981-2055F064E62F}.Debug|Any CPU.Build.0 = Debug|Any CPU
		{287E8734-4776-4FB8-B981-2055F064E62F}.Release|Any CPU.ActiveCfg = Release|Any CPU
		{287E8734-4776-4FB8-B981-2055F064E62F}.Release|Any CPU.Build.0 = Release|Any CPU
		{8769E2EE-4290-46F5-9B34-7FD6CA08F1D6}.Debug|Any CPU.ActiveCfg = Debug|Any CPU
		{8769E2EE-4290-46F5-9B34-7FD6CA08F1D6}.Debug|Any CPU.Build.0 = Debug|Any CPU
		{8769E2EE-4290-46F5-9B34-7FD6CA08F1D6}.Release|Any CPU.ActiveCfg = Release|Any CPU
		{8769E2EE-4290-46F5-9B34-7FD6CA08F1D6}.Release|Any CPU.Build.0 = Release|Any CPU
	EndGlobalSection
	GlobalSection(SolutionProperties) = preSolution
		HideSolutionNode = FALSE
	EndGlobalSection
EndGlobal
